
Microsoft Visual Studio Solution File, Format Version 12.00
# Visual Studio Version 17
VisualStudioVersion = 17.3.32825.248
MinimumVisualStudioVersion = 10.0.40219.1
Project("{FAE04EC0-301F-11D3-BF4B-00C04F79EFBC}") = "HomWorkSWAPI", "HomWorkSWAPI\HomWorkSWAPI.csproj", "{EAEE5A91-9F25-436B-8140-24A1A40409E5}"
EndProject
Global
	GlobalSection(SolutionConfigurationPlatforms) = preSolution
		Debug|Any CPU = Debug|Any CPU
		Release|Any CPU = Release|Any CPU
	EndGlobalSection
	GlobalSection(ProjectConfigurationPlatforms) = postSolution
		{EAEE5A91-9F25-436B-8140-24A1A40409E5}.Debug|Any CPU.ActiveCfg = Debug|Any CPU
		{EAEE5A91-9F25-436B-8140-24A1A40409E5}.Debug|Any CPU.Build.0 = Debug|Any CPU
		{EAEE5A91-9F25-436B-8140-24A1A40409E5}.Release|Any CPU.ActiveCfg = Release|Any CPU
		{EAEE5A91-9F25-436B-8140-24A1A40409E5}.Release|Any CPU.Build.0 = Release|Any CPU
	EndGlobalSection
	GlobalSection(SolutionProperties) = preSolution
		HideSolutionNode = FALSE
	EndGlobalSection
	GlobalSection(ExtensibilityGlobals) = postSolution
		SolutionGuid = {52214B70-E7D1-4B26-9083-2E732DBBC034}
	EndGlobalSection
EndGlobal
