
Microsoft Visual Studio Solution File, Format Version 12.00
# Visual Studio Version 17
VisualStudioVersion = 17.3.32922.545
MinimumVisualStudioVersion = 10.0.40219.1
Project("{FAE04EC0-301F-11D3-BF4B-00C04F79EFBC}") = "AppSecuritiy2", "AppSecuritiy2\AppSecuritiy2.csproj", "{6E852558-768F-4B5B-81E0-F2433BACD955}"
EndProject
Global
	GlobalSection(SolutionConfigurationPlatforms) = preSolution
		Debug|Any CPU = Debug|Any CPU
		Release|Any CPU = Release|Any CPU
	EndGlobalSection
	GlobalSection(ProjectConfigurationPlatforms) = postSolution
		{6E852558-768F-4B5B-81E0-F2433BACD955}.Debug|Any CPU.ActiveCfg = Debug|Any CPU
		{6E852558-768F-4B5B-81E0-F2433BACD955}.Debug|Any CPU.Build.0 = Debug|Any CPU
		{6E852558-768F-4B5B-81E0-F2433BACD955}.Release|Any CPU.ActiveCfg = Release|Any CPU
		{6E852558-768F-4B5B-81E0-F2433BACD955}.Release|Any CPU.Build.0 = Release|Any CPU
	EndGlobalSection
	GlobalSection(SolutionProperties) = preSolution
		HideSolutionNode = FALSE
	EndGlobalSection
	GlobalSection(ExtensibilityGlobals) = postSolution
		SolutionGuid = {C783575D-4A3C-472D-8353-94137075245A}
	EndGlobalSection
EndGlobal
