
Microsoft Visual Studio Solution File, Format Version 12.00
# Visual Studio Version 17
VisualStudioVersion = 17.3.32804.467
MinimumVisualStudioVersion = 10.0.40219.1
Project("{FAE04EC0-301F-11D3-BF4B-00C04F79EFBC}") = "SwitchDemo", "SwitchDemo\SwitchDemo.csproj", "{A251158F-C4FC-471E-B080-5BC349B129CE}"
EndProject
Global
	GlobalSection(SolutionConfigurationPlatforms) = preSolution
		Debug|Any CPU = Debug|Any CPU
		Release|Any CPU = Release|Any CPU
	EndGlobalSection
	GlobalSection(ProjectConfigurationPlatforms) = postSolution
		{A251158F-C4FC-471E-B080-5BC349B129CE}.Debug|Any CPU.ActiveCfg = Debug|Any CPU
		{A251158F-C4FC-471E-B080-5BC349B129CE}.Debug|Any CPU.Build.0 = Debug|Any CPU
		{A251158F-C4FC-471E-B080-5BC349B129CE}.Release|Any CPU.ActiveCfg = Release|Any CPU
		{A251158F-C4FC-471E-B080-5BC349B129CE}.Release|Any CPU.Build.0 = Release|Any CPU
	EndGlobalSection
	GlobalSection(SolutionProperties) = preSolution
		HideSolutionNode = FALSE
	EndGlobalSection
	GlobalSection(ExtensibilityGlobals) = postSolution
		SolutionGuid = {11B4E4B8-1634-41F1-BCCF-AB6ADFB9893F}
	EndGlobalSection
EndGlobal
