
Microsoft Visual Studio Solution File, Format Version 12.00
# Visual Studio Version 17
VisualStudioVersion = 17.3.32804.467
MinimumVisualStudioVersion = 10.0.40219.1
Project("{FAE04EC0-301F-11D3-BF4B-00C04F79EFBC}") = "Console", "Console\Console.csproj", "{34D0FC08-2021-4B83-90F3-245F7E9E45BE}"
EndProject
Project("{FAE04EC0-301F-11D3-BF4B-00C04F79EFBC}") = "TikTakToeLib", "TikTakToeLib\TikTakToeLib.csproj", "{9D08422B-03ED-4783-A239-87EB9910F932}"
EndProject
Global
	GlobalSection(SolutionConfigurationPlatforms) = preSolution
		Debug|Any CPU = Debug|Any CPU
		Release|Any CPU = Release|Any CPU
	EndGlobalSection
	GlobalSection(ProjectConfigurationPlatforms) = postSolution
		{34D0FC08-2021-4B83-90F3-245F7E9E45BE}.Debug|Any CPU.ActiveCfg = Debug|Any CPU
		{34D0FC08-2021-4B83-90F3-245F7E9E45BE}.Debug|Any CPU.Build.0 = Debug|Any CPU
		{34D0FC08-2021-4B83-90F3-245F7E9E45BE}.Release|Any CPU.ActiveCfg = Release|Any CPU
		{34D0FC08-2021-4B83-90F3-245F7E9E45BE}.Release|Any CPU.Build.0 = Release|Any CPU
		{9D08422B-03ED-4783-A239-87EB9910F932}.Debug|Any CPU.ActiveCfg = Debug|Any CPU
		{9D08422B-03ED-4783-A239-87EB9910F932}.Debug|Any CPU.Build.0 = Debug|Any CPU
		{9D08422B-03ED-4783-A239-87EB9910F932}.Release|Any CPU.ActiveCfg = Release|Any CPU
		{9D08422B-03ED-4783-A239-87EB9910F932}.Release|Any CPU.Build.0 = Release|Any CPU
	EndGlobalSection
	GlobalSection(SolutionProperties) = preSolution
		HideSolutionNode = FALSE
	EndGlobalSection
	GlobalSection(ExtensibilityGlobals) = postSolution
		SolutionGuid = {4FA57934-5C02-4A68-9BFE-0A2BA18E95CE}
	EndGlobalSection
EndGlobal
