
Microsoft Visual Studio Solution File, Format Version 12.00
# Visual Studio Version 17
VisualStudioVersion = 17.3.32811.315
MinimumVisualStudioVersion = 10.0.40219.1
Project("{FAE04EC0-301F-11D3-BF4B-00C04F79EFBC}") = "AccesModifiersDemo", "AccesModifiersDemo\AccesModifiersDemo.csproj", "{2A3D4DD3-888C-42D7-9A8B-D41DAB2F8672}"
EndProject
Project("{FAE04EC0-301F-11D3-BF4B-00C04F79EFBC}") = "DemoLibrary", "DemoLibrary\DemoLibrary.csproj", "{6E30D290-710D-41CF-A5FA-18BE98045C08}"
EndProject
Global
	GlobalSection(SolutionConfigurationPlatforms) = preSolution
		Debug|Any CPU = Debug|Any CPU
		Release|Any CPU = Release|Any CPU
	EndGlobalSection
	GlobalSection(ProjectConfigurationPlatforms) = postSolution
		{2A3D4DD3-888C-42D7-9A8B-D41DAB2F8672}.Debug|Any CPU.ActiveCfg = Debug|Any CPU
		{2A3D4DD3-888C-42D7-9A8B-D41DAB2F8672}.Debug|Any CPU.Build.0 = Debug|Any CPU
		{2A3D4DD3-888C-42D7-9A8B-D41DAB2F8672}.Release|Any CPU.ActiveCfg = Release|Any CPU
		{2A3D4DD3-888C-42D7-9A8B-D41DAB2F8672}.Release|Any CPU.Build.0 = Release|Any CPU
		{6E30D290-710D-41CF-A5FA-18BE98045C08}.Debug|Any CPU.ActiveCfg = Debug|Any CPU
		{6E30D290-710D-41CF-A5FA-18BE98045C08}.Debug|Any CPU.Build.0 = Debug|Any CPU
		{6E30D290-710D-41CF-A5FA-18BE98045C08}.Release|Any CPU.ActiveCfg = Release|Any CPU
		{6E30D290-710D-41CF-A5FA-18BE98045C08}.Release|Any CPU.Build.0 = Release|Any CPU
	EndGlobalSection
	GlobalSection(SolutionProperties) = preSolution
		HideSolutionNode = FALSE
	EndGlobalSection
	GlobalSection(ExtensibilityGlobals) = postSolution
		SolutionGuid = {45262084-B500-40A5-AD18-C4E8410C0AB9}
	EndGlobalSection
EndGlobal
