
Microsoft Visual Studio Solution File, Format Version 12.00
# Visual Studio Version 17
VisualStudioVersion = 17.3.32811.315
MinimumVisualStudioVersion = 10.0.40219.1
Project("{FAE04EC0-301F-11D3-BF4B-00C04F79EFBC}") = "ConsoleUI", "ConsoleUI\ConsoleUI.csproj", "{8D5A6413-F572-4D1E-9A9B-5D6C325EF4AF}"
EndProject
Project("{FAE04EC0-301F-11D3-BF4B-00C04F79EFBC}") = "DemoLibrary", "DemoLibrary\DemoLibrary.csproj", "{706BD2C2-F6A8-4296-A058-B93FBC67CDD4}"
EndProject
Global
	GlobalSection(SolutionConfigurationPlatforms) = preSolution
		Debug|Any CPU = Debug|Any CPU
		Release|Any CPU = Release|Any CPU
	EndGlobalSection
	GlobalSection(ProjectConfigurationPlatforms) = postSolution
		{8D5A6413-F572-4D1E-9A9B-5D6C325EF4AF}.Debug|Any CPU.ActiveCfg = Debug|Any CPU
		{8D5A6413-F572-4D1E-9A9B-5D6C325EF4AF}.Debug|Any CPU.Build.0 = Debug|Any CPU
		{8D5A6413-F572-4D1E-9A9B-5D6C325EF4AF}.Release|Any CPU.ActiveCfg = Release|Any CPU
		{8D5A6413-F572-4D1E-9A9B-5D6C325EF4AF}.Release|Any CPU.Build.0 = Release|Any CPU
		{706BD2C2-F6A8-4296-A058-B93FBC67CDD4}.Debug|Any CPU.ActiveCfg = Debug|Any CPU
		{706BD2C2-F6A8-4296-A058-B93FBC67CDD4}.Debug|Any CPU.Build.0 = Debug|Any CPU
		{706BD2C2-F6A8-4296-A058-B93FBC67CDD4}.Release|Any CPU.ActiveCfg = Release|Any CPU
		{706BD2C2-F6A8-4296-A058-B93FBC67CDD4}.Release|Any CPU.Build.0 = Release|Any CPU
	EndGlobalSection
	GlobalSection(SolutionProperties) = preSolution
		HideSolutionNode = FALSE
	EndGlobalSection
	GlobalSection(ExtensibilityGlobals) = postSolution
		SolutionGuid = {E3A6EAE9-89FC-4649-AB44-6751BAA795C0}
	EndGlobalSection
EndGlobal
