
Microsoft Visual Studio Solution File, Format Version 12.00
# Visual Studio Version 17
VisualStudioVersion = 17.3.32825.248
MinimumVisualStudioVersion = 10.0.40219.1
Project("{9A19103F-16F7-4668-BE54-9A1E7A4F7556}") = "HomeWorkSQL", "HomeWorkSQL\HomeWorkSQL.csproj", "{01CBB81F-5386-4530-B3DD-38A12A47C65D}"
EndProject
Project("{9A19103F-16F7-4668-BE54-9A1E7A4F7556}") = "ConsonleUI", "ConsonleUI\ConsonleUI.csproj", "{8275BC8A-2DDD-46DD-A5D7-CADD13A6D0D0}"
EndProject
Project("{00D1A9C2-B5F0-4AF3-8072-F6C62B433612}") = "HomeWorkSQLDatabase", "HomeWorkSQLDatabase\HomeWorkSQLDatabase.sqlproj", "{094ED080-C7B5-4F47-B7D1-15D1C44EC1ED}"
EndProject
Global
	GlobalSection(SolutionConfigurationPlatforms) = preSolution
		Debug|Any CPU = Debug|Any CPU
		Release|Any CPU = Release|Any CPU
	EndGlobalSection
	GlobalSection(ProjectConfigurationPlatforms) = postSolution
		{01CBB81F-5386-4530-B3DD-38A12A47C65D}.Debug|Any CPU.ActiveCfg = Debug|Any CPU
		{01CBB81F-5386-4530-B3DD-38A12A47C65D}.Debug|Any CPU.Build.0 = Debug|Any CPU
		{01CBB81F-5386-4530-B3DD-38A12A47C65D}.Release|Any CPU.ActiveCfg = Release|Any CPU
		{01CBB81F-5386-4530-B3DD-38A12A47C65D}.Release|Any CPU.Build.0 = Release|Any CPU
		{8275BC8A-2DDD-46DD-A5D7-CADD13A6D0D0}.Debug|Any CPU.ActiveCfg = Debug|Any CPU
		{8275BC8A-2DDD-46DD-A5D7-CADD13A6D0D0}.Debug|Any CPU.Build.0 = Debug|Any CPU
		{8275BC8A-2DDD-46DD-A5D7-CADD13A6D0D0}.Release|Any CPU.ActiveCfg = Release|Any CPU
		{8275BC8A-2DDD-46DD-A5D7-CADD13A6D0D0}.Release|Any CPU.Build.0 = Release|Any CPU
		{094ED080-C7B5-4F47-B7D1-15D1C44EC1ED}.Debug|Any CPU.ActiveCfg = Debug|Any CPU
		{094ED080-C7B5-4F47-B7D1-15D1C44EC1ED}.Debug|Any CPU.Build.0 = Debug|Any CPU
		{094ED080-C7B5-4F47-B7D1-15D1C44EC1ED}.Debug|Any CPU.Deploy.0 = Debug|Any CPU
		{094ED080-C7B5-4F47-B7D1-15D1C44EC1ED}.Release|Any CPU.ActiveCfg = Release|Any CPU
		{094ED080-C7B5-4F47-B7D1-15D1C44EC1ED}.Release|Any CPU.Build.0 = Release|Any CPU
		{094ED080-C7B5-4F47-B7D1-15D1C44EC1ED}.Release|Any CPU.Deploy.0 = Release|Any CPU
	EndGlobalSection
	GlobalSection(SolutionProperties) = preSolution
		HideSolutionNode = FALSE
	EndGlobalSection
	GlobalSection(ExtensibilityGlobals) = postSolution
		SolutionGuid = {62C5FAE5-4CF6-4F3A-A1FA-2D6055AF3154}
	EndGlobalSection
EndGlobal
