
Microsoft Visual Studio Solution File, Format Version 12.00
# Visual Studio Version 17
VisualStudioVersion = 17.3.32825.248
MinimumVisualStudioVersion = 10.0.40219.1
Project("{9A19103F-16F7-4668-BE54-9A1E7A4F7556}") = "MongoDBUI", "MongoDBUI\MongoDBUI.csproj", "{CE38EF1D-4714-484D-AC8E-0A4689302052}"
EndProject
Project("{9A19103F-16F7-4668-BE54-9A1E7A4F7556}") = "DataAccessLibrary", "DataAccessLibrary\DataAccessLibrary.csproj", "{1F7CCF20-7877-4DBD-8130-72B3C229B30D}"
EndProject
Project("{9A19103F-16F7-4668-BE54-9A1E7A4F7556}") = "CosmosDBUI", "CosmosDBUI\CosmosDBUI.csproj", "{F1309420-6076-4B93-9B0C-F2246B12D8FE}"
EndProject
Project("{FAE04EC0-301F-11D3-BF4B-00C04F79EFBC}") = "SampleAPI", "SampleAPI\SampleAPI.csproj", "{21C7E7D6-0B15-4198-A843-1DEC1DA01B38}"
EndProject
Project("{FAE04EC0-301F-11D3-BF4B-00C04F79EFBC}") = "ApiDBUI", "ApiDBUI\ApiDBUI.csproj", "{C4821873-2756-4A8F-AE02-25A89818CA1E}"
EndProject
Global
	GlobalSection(SolutionConfigurationPlatforms) = preSolution
		Debug|Any CPU = Debug|Any CPU
		Release|Any CPU = Release|Any CPU
	EndGlobalSection
	GlobalSection(ProjectConfigurationPlatforms) = postSolution
		{CE38EF1D-4714-484D-AC8E-0A4689302052}.Debug|Any CPU.ActiveCfg = Debug|Any CPU
		{CE38EF1D-4714-484D-AC8E-0A4689302052}.Debug|Any CPU.Build.0 = Debug|Any CPU
		{CE38EF1D-4714-484D-AC8E-0A4689302052}.Release|Any CPU.ActiveCfg = Release|Any CPU
		{CE38EF1D-4714-484D-AC8E-0A4689302052}.Release|Any CPU.Build.0 = Release|Any CPU
		{1F7CCF20-7877-4DBD-8130-72B3C229B30D}.Debug|Any CPU.ActiveCfg = Debug|Any CPU
		{1F7CCF20-7877-4DBD-8130-72B3C229B30D}.Debug|Any CPU.Build.0 = Debug|Any CPU
		{1F7CCF20-7877-4DBD-8130-72B3C229B30D}.Release|Any CPU.ActiveCfg = Release|Any CPU
		{1F7CCF20-7877-4DBD-8130-72B3C229B30D}.Release|Any CPU.Build.0 = Release|Any CPU
		{F1309420-6076-4B93-9B0C-F2246B12D8FE}.Debug|Any CPU.ActiveCfg = Debug|Any CPU
		{F1309420-6076-4B93-9B0C-F2246B12D8FE}.Debug|Any CPU.Build.0 = Debug|Any CPU
		{F1309420-6076-4B93-9B0C-F2246B12D8FE}.Release|Any CPU.ActiveCfg = Release|Any CPU
		{F1309420-6076-4B93-9B0C-F2246B12D8FE}.Release|Any CPU.Build.0 = Release|Any CPU
		{21C7E7D6-0B15-4198-A843-1DEC1DA01B38}.Debug|Any CPU.ActiveCfg = Debug|Any CPU
		{21C7E7D6-0B15-4198-A843-1DEC1DA01B38}.Debug|Any CPU.Build.0 = Debug|Any CPU
		{21C7E7D6-0B15-4198-A843-1DEC1DA01B38}.Release|Any CPU.ActiveCfg = Release|Any CPU
		{21C7E7D6-0B15-4198-A843-1DEC1DA01B38}.Release|Any CPU.Build.0 = Release|Any CPU
		{C4821873-2756-4A8F-AE02-25A89818CA1E}.Debug|Any CPU.ActiveCfg = Debug|Any CPU
		{C4821873-2756-4A8F-AE02-25A89818CA1E}.Debug|Any CPU.Build.0 = Debug|Any CPU
		{C4821873-2756-4A8F-AE02-25A89818CA1E}.Release|Any CPU.ActiveCfg = Release|Any CPU
		{C4821873-2756-4A8F-AE02-25A89818CA1E}.Release|Any CPU.Build.0 = Release|Any CPU
	EndGlobalSection
	GlobalSection(SolutionProperties) = preSolution
		HideSolutionNode = FALSE
	EndGlobalSection
	GlobalSection(ExtensibilityGlobals) = postSolution
		SolutionGuid = {AD450D4D-E29E-4CAD-B6CA-17BDDD296304}
	EndGlobalSection
EndGlobal
