
Microsoft Visual Studio Solution File, Format Version 12.00
# Visual Studio Version 17
VisualStudioVersion = 17.3.32804.467
MinimumVisualStudioVersion = 10.0.40219.1
Project("{FAE04EC0-301F-11D3-BF4B-00C04F79EFBC}") = "ForeachLoops", "ForeachLoops\ForeachLoops.csproj", "{96837731-EDD5-48FA-9296-C5FF526377A5}"
EndProject
Global
	GlobalSection(SolutionConfigurationPlatforms) = preSolution
		Debug|Any CPU = Debug|Any CPU
		Release|Any CPU = Release|Any CPU
	EndGlobalSection
	GlobalSection(ProjectConfigurationPlatforms) = postSolution
		{96837731-EDD5-48FA-9296-C5FF526377A5}.Debug|Any CPU.ActiveCfg = Debug|Any CPU
		{96837731-EDD5-48FA-9296-C5FF526377A5}.Debug|Any CPU.Build.0 = Debug|Any CPU
		{96837731-EDD5-48FA-9296-C5FF526377A5}.Release|Any CPU.ActiveCfg = Release|Any CPU
		{96837731-EDD5-48FA-9296-C5FF526377A5}.Release|Any CPU.Build.0 = Release|Any CPU
	EndGlobalSection
	GlobalSection(SolutionProperties) = preSolution
		HideSolutionNode = FALSE
	EndGlobalSection
	GlobalSection(ExtensibilityGlobals) = postSolution
		SolutionGuid = {C0A79E22-54FD-4CB3-ADC3-F280B820D565}
	EndGlobalSection
EndGlobal
