
Microsoft Visual Studio Solution File, Format Version 12.00
# Visual Studio Version 17
VisualStudioVersion = 17.3.32804.467
MinimumVisualStudioVersion = 10.0.40219.1
Project("{FAE04EC0-301F-11D3-BF4B-00C04F79EFBC}") = "Arrays", "Arrays\Arrays.csproj", "{BBD6F811-E148-4D4E-A332-FF4B8766B66E}"
EndProject
Global
	GlobalSection(SolutionConfigurationPlatforms) = preSolution
		Debug|Any CPU = Debug|Any CPU
		Release|Any CPU = Release|Any CPU
	EndGlobalSection
	GlobalSection(ProjectConfigurationPlatforms) = postSolution
		{BBD6F811-E148-4D4E-A332-FF4B8766B66E}.Debug|Any CPU.ActiveCfg = Debug|Any CPU
		{BBD6F811-E148-4D4E-A332-FF4B8766B66E}.Debug|Any CPU.Build.0 = Debug|Any CPU
		{BBD6F811-E148-4D4E-A332-FF4B8766B66E}.Release|Any CPU.ActiveCfg = Release|Any CPU
		{BBD6F811-E148-4D4E-A332-FF4B8766B66E}.Release|Any CPU.Build.0 = Release|Any CPU
	EndGlobalSection
	GlobalSection(SolutionProperties) = preSolution
		HideSolutionNode = FALSE
	EndGlobalSection
	GlobalSection(ExtensibilityGlobals) = postSolution
		SolutionGuid = {8FF0BE68-96F9-4987-80AD-19E9610D8854}
	EndGlobalSection
EndGlobal
