
Microsoft Visual Studio Solution File, Format Version 12.00
# Visual Studio Version 17
VisualStudioVersion = 17.3.32819.101
MinimumVisualStudioVersion = 10.0.40219.1
Project("{FAE04EC0-301F-11D3-BF4B-00C04F79EFBC}") = "Events", "Events\Events.csproj", "{4EA53E5D-30ED-48CA-9E89-7FE475A579DE}"
EndProject
Global
	GlobalSection(SolutionConfigurationPlatforms) = preSolution
		Debug|Any CPU = Debug|Any CPU
		Release|Any CPU = Release|Any CPU
	EndGlobalSection
	GlobalSection(ProjectConfigurationPlatforms) = postSolution
		{4EA53E5D-30ED-48CA-9E89-7FE475A579DE}.Debug|Any CPU.ActiveCfg = Debug|Any CPU
		{4EA53E5D-30ED-48CA-9E89-7FE475A579DE}.Debug|Any CPU.Build.0 = Debug|Any CPU
		{4EA53E5D-30ED-48CA-9E89-7FE475A579DE}.Release|Any CPU.ActiveCfg = Release|Any CPU
		{4EA53E5D-30ED-48CA-9E89-7FE475A579DE}.Release|Any CPU.Build.0 = Release|Any CPU
	EndGlobalSection
	GlobalSection(SolutionProperties) = preSolution
		HideSolutionNode = FALSE
	EndGlobalSection
	GlobalSection(ExtensibilityGlobals) = postSolution
		SolutionGuid = {60E21AE8-9A88-4EAA-9B97-719A60DB60F1}
	EndGlobalSection
EndGlobal
