
Microsoft Visual Studio Solution File, Format Version 12.00
# Visual Studio Version 17
VisualStudioVersion = 17.3.32825.248
MinimumVisualStudioVersion = 10.0.40219.1
Project("{9A19103F-16F7-4668-BE54-9A1E7A4F7556}") = "TikTakToe", "TikTakToe\TikTakToe.csproj", "{28D3BD30-0919-48B7-A729-26CD0537E69F}"
EndProject
Project("{9A19103F-16F7-4668-BE54-9A1E7A4F7556}") = "TikTakToeLib", "..\TikTakToeApp\TikTakToeLib\TikTakToeLib.csproj", "{5B1E90EE-391E-4772-8FFA-61041B7E9D4B}"
EndProject
Global
	GlobalSection(SolutionConfigurationPlatforms) = preSolution
		Debug|Any CPU = Debug|Any CPU
		Release|Any CPU = Release|Any CPU
	EndGlobalSection
	GlobalSection(ProjectConfigurationPlatforms) = postSolution
		{28D3BD30-0919-48B7-A729-26CD0537E69F}.Debug|Any CPU.ActiveCfg = Debug|Any CPU
		{28D3BD30-0919-48B7-A729-26CD0537E69F}.Debug|Any CPU.Build.0 = Debug|Any CPU
		{28D3BD30-0919-48B7-A729-26CD0537E69F}.Release|Any CPU.ActiveCfg = Release|Any CPU
		{28D3BD30-0919-48B7-A729-26CD0537E69F}.Release|Any CPU.Build.0 = Release|Any CPU
		{5B1E90EE-391E-4772-8FFA-61041B7E9D4B}.Debug|Any CPU.ActiveCfg = Debug|Any CPU
		{5B1E90EE-391E-4772-8FFA-61041B7E9D4B}.Debug|Any CPU.Build.0 = Debug|Any CPU
		{5B1E90EE-391E-4772-8FFA-61041B7E9D4B}.Release|Any CPU.ActiveCfg = Release|Any CPU
		{5B1E90EE-391E-4772-8FFA-61041B7E9D4B}.Release|Any CPU.Build.0 = Release|Any CPU
	EndGlobalSection
	GlobalSection(SolutionProperties) = preSolution
		HideSolutionNode = FALSE
	EndGlobalSection
	GlobalSection(ExtensibilityGlobals) = postSolution
		SolutionGuid = {984C11AD-54FF-4E28-96E6-F74C64D63C4B}
	EndGlobalSection
EndGlobal
