
Microsoft Visual Studio Solution File, Format Version 12.00
# Visual Studio Version 17
VisualStudioVersion = 17.3.32804.467
MinimumVisualStudioVersion = 10.0.40219.1
Project("{9A19103F-16F7-4668-BE54-9A1E7A4F7556}") = "HelloWord", "HelloWord\HelloWord.csproj", "{50A3B5AB-C248-4D7A-B1A9-6B59D69598C6}"
EndProject
Project("{FAE04EC0-301F-11D3-BF4B-00C04F79EFBC}") = "HelloWorldInNET5", "HelloWorldInNET5\HelloWorldInNET5.csproj", "{78D6865D-062F-4B3F-B1DE-6D4409405376}"
EndProject
Global
	GlobalSection(SolutionConfigurationPlatforms) = preSolution
		Debug|Any CPU = Debug|Any CPU
		Release|Any CPU = Release|Any CPU
	EndGlobalSection
	GlobalSection(ProjectConfigurationPlatforms) = postSolution
		{50A3B5AB-C248-4D7A-B1A9-6B59D69598C6}.Debug|Any CPU.ActiveCfg = Debug|Any CPU
		{50A3B5AB-C248-4D7A-B1A9-6B59D69598C6}.Debug|Any CPU.Build.0 = Debug|Any CPU
		{50A3B5AB-C248-4D7A-B1A9-6B59D69598C6}.Release|Any CPU.ActiveCfg = Release|Any CPU
		{50A3B5AB-C248-4D7A-B1A9-6B59D69598C6}.Release|Any CPU.Build.0 = Release|Any CPU
		{78D6865D-062F-4B3F-B1DE-6D4409405376}.Debug|Any CPU.ActiveCfg = Debug|Any CPU
		{78D6865D-062F-4B3F-B1DE-6D4409405376}.Debug|Any CPU.Build.0 = Debug|Any CPU
		{78D6865D-062F-4B3F-B1DE-6D4409405376}.Release|Any CPU.ActiveCfg = Release|Any CPU
		{78D6865D-062F-4B3F-B1DE-6D4409405376}.Release|Any CPU.Build.0 = Release|Any CPU
	EndGlobalSection
	GlobalSection(SolutionProperties) = preSolution
		HideSolutionNode = FALSE
	EndGlobalSection
	GlobalSection(ExtensibilityGlobals) = postSolution
		SolutionGuid = {DE2DCBA8-D906-48AF-B688-CE4C3E8095F9}
	EndGlobalSection
EndGlobal
