
Microsoft Visual Studio Solution File, Format Version 12.00
# Visual Studio Version 17
VisualStudioVersion = 17.3.32819.101
MinimumVisualStudioVersion = 10.0.40219.1
Project("{FAE04EC0-301F-11D3-BF4B-00C04F79EFBC}") = "WrapUpDemo", "WrapUpDemo\WrapUpDemo.csproj", "{31655160-BD6E-49EF-82B3-BD939C369579}"
EndProject
Global
	GlobalSection(SolutionConfigurationPlatforms) = preSolution
		Debug|Any CPU = Debug|Any CPU
		Release|Any CPU = Release|Any CPU
	EndGlobalSection
	GlobalSection(ProjectConfigurationPlatforms) = postSolution
		{31655160-BD6E-49EF-82B3-BD939C369579}.Debug|Any CPU.ActiveCfg = Debug|Any CPU
		{31655160-BD6E-49EF-82B3-BD939C369579}.Debug|Any CPU.Build.0 = Debug|Any CPU
		{31655160-BD6E-49EF-82B3-BD939C369579}.Release|Any CPU.ActiveCfg = Release|Any CPU
		{31655160-BD6E-49EF-82B3-BD939C369579}.Release|Any CPU.Build.0 = Release|Any CPU
	EndGlobalSection
	GlobalSection(SolutionProperties) = preSolution
		HideSolutionNode = FALSE
	EndGlobalSection
	GlobalSection(ExtensibilityGlobals) = postSolution
		SolutionGuid = {0CFD5905-02F6-43FF-B8C8-F7445BA8B222}
	EndGlobalSection
EndGlobal
