
Microsoft Visual Studio Solution File, Format Version 12.00
# Visual Studio Version 17
VisualStudioVersion = 17.3.32811.315
MinimumVisualStudioVersion = 10.0.40219.1
Project("{FAE04EC0-301F-11D3-BF4B-00C04F79EFBC}") = "ConsoleUI", "ConsoleUI\ConsoleUI.csproj", "{AE7986E0-1538-4ADA-B89D-2C3D302737A7}"
EndProject
Project("{FAE04EC0-301F-11D3-BF4B-00C04F79EFBC}") = "GuestBookLibrary", "GuestBookLibrary\GuestBookLibrary.csproj", "{26560D74-7F2E-4728-A7E2-93D2DF4DCC1B}"
EndProject
Global
	GlobalSection(SolutionConfigurationPlatforms) = preSolution
		Debug|Any CPU = Debug|Any CPU
		Release|Any CPU = Release|Any CPU
	EndGlobalSection
	GlobalSection(ProjectConfigurationPlatforms) = postSolution
		{AE7986E0-1538-4ADA-B89D-2C3D302737A7}.Debug|Any CPU.ActiveCfg = Debug|Any CPU
		{AE7986E0-1538-4ADA-B89D-2C3D302737A7}.Debug|Any CPU.Build.0 = Debug|Any CPU
		{AE7986E0-1538-4ADA-B89D-2C3D302737A7}.Release|Any CPU.ActiveCfg = Release|Any CPU
		{AE7986E0-1538-4ADA-B89D-2C3D302737A7}.Release|Any CPU.Build.0 = Release|Any CPU
		{26560D74-7F2E-4728-A7E2-93D2DF4DCC1B}.Debug|Any CPU.ActiveCfg = Debug|Any CPU
		{26560D74-7F2E-4728-A7E2-93D2DF4DCC1B}.Debug|Any CPU.Build.0 = Debug|Any CPU
		{26560D74-7F2E-4728-A7E2-93D2DF4DCC1B}.Release|Any CPU.ActiveCfg = Release|Any CPU
		{26560D74-7F2E-4728-A7E2-93D2DF4DCC1B}.Release|Any CPU.Build.0 = Release|Any CPU
	EndGlobalSection
	GlobalSection(SolutionProperties) = preSolution
		HideSolutionNode = FALSE
	EndGlobalSection
	GlobalSection(ExtensibilityGlobals) = postSolution
		SolutionGuid = {C25EC12E-56AC-46B3-A99A-1EE50AD9E377}
	EndGlobalSection
EndGlobal
