
Microsoft Visual Studio Solution File, Format Version 12.00
# Visual Studio Version 17
VisualStudioVersion = 17.3.32819.101
MinimumVisualStudioVersion = 10.0.40219.1
Project("{FAE04EC0-301F-11D3-BF4B-00C04F79EFBC}") = "HomeWorkEvent", "HomeWorkEvent\HomeWorkEvent.csproj", "{D7E74BA2-F14B-484D-806D-68592B23A266}"
EndProject
Global
	GlobalSection(SolutionConfigurationPlatforms) = preSolution
		Debug|Any CPU = Debug|Any CPU
		Release|Any CPU = Release|Any CPU
	EndGlobalSection
	GlobalSection(ProjectConfigurationPlatforms) = postSolution
		{D7E74BA2-F14B-484D-806D-68592B23A266}.Debug|Any CPU.ActiveCfg = Debug|Any CPU
		{D7E74BA2-F14B-484D-806D-68592B23A266}.Debug|Any CPU.Build.0 = Debug|Any CPU
		{D7E74BA2-F14B-484D-806D-68592B23A266}.Release|Any CPU.ActiveCfg = Release|Any CPU
		{D7E74BA2-F14B-484D-806D-68592B23A266}.Release|Any CPU.Build.0 = Release|Any CPU
	EndGlobalSection
	GlobalSection(SolutionProperties) = preSolution
		HideSolutionNode = FALSE
	EndGlobalSection
	GlobalSection(ExtensibilityGlobals) = postSolution
		SolutionGuid = {2F5F39EE-1D27-463A-8339-F706E41C51A8}
	EndGlobalSection
EndGlobal
